
Microsoft Visual Studio Solution File, Format Version 12.00
# Visual Studio Version 17
VisualStudioVersion = 17.9.34723.18
MinimumVisualStudioVersion = 10.0.40219.1
Project("{FAE04EC0-301F-11D3-BF4B-00C04F79EFBC}") = "Zad7,8", "Zad7,8\Zad7,8.csproj", "{002C5343-5C0C-453D-8262-C4C5202E51C5}"
EndProject
Project("{FAE04EC0-301F-11D3-BF4B-00C04F79EFBC}") = "zad8", "zad8\zad8.csproj", "{14CF6E6B-83A9-4E7F-90A7-9D46C8011890}"
EndProject
Global
	GlobalSection(SolutionConfigurationPlatforms) = preSolution
		Debug|Any CPU = Debug|Any CPU
		Release|Any CPU = Release|Any CPU
	EndGlobalSection
	GlobalSection(ProjectConfigurationPlatforms) = postSolution
		{002C5343-5C0C-453D-8262-C4C5202E51C5}.Debug|Any CPU.ActiveCfg = Debug|Any CPU
		{002C5343-5C0C-453D-8262-C4C5202E51C5}.Debug|Any CPU.Build.0 = Debug|Any CPU
		{002C5343-5C0C-453D-8262-C4C5202E51C5}.Release|Any CPU.ActiveCfg = Release|Any CPU
		{002C5343-5C0C-453D-8262-C4C5202E51C5}.Release|Any CPU.Build.0 = Release|Any CPU
		{14CF6E6B-83A9-4E7F-90A7-9D46C8011890}.Debug|Any CPU.ActiveCfg = Debug|Any CPU
		{14CF6E6B-83A9-4E7F-90A7-9D46C8011890}.Debug|Any CPU.Build.0 = Debug|Any CPU
		{14CF6E6B-83A9-4E7F-90A7-9D46C8011890}.Release|Any CPU.ActiveCfg = Release|Any CPU
		{14CF6E6B-83A9-4E7F-90A7-9D46C8011890}.Release|Any CPU.Build.0 = Release|Any CPU
	EndGlobalSection
	GlobalSection(SolutionProperties) = preSolution
		HideSolutionNode = FALSE
	EndGlobalSection
	GlobalSection(ExtensibilityGlobals) = postSolution
		SolutionGuid = {C42BE5E6-5038-4F0A-AD87-62F94E5E538E}
	EndGlobalSection
EndGlobal
